{
  "name": "covered.dep",
  "version": "0.0.1",
  "lockfileVersion": 3,
  "requires": true,
  "packages": {
    "": {
      "name": "covered.dep",
      "version": "0.0.1",
      "devDependencies": {
        "@ui5/middleware-code-coverage": "../../../../"
      }
    },
    "../../../..": {
      "name": "@ui5/middleware-code-coverage",
      "version": "2.0.4",
      "dev": true,
      "license": "Apache-2.0",
      "dependencies": {
        "body-parser": "^2.3.0",
        "istanbul-lib-coverage": "^3.2.2",
        "istanbul-lib-instrument": "^6.0.3",
        "istanbul-lib-report": "^3.0.1",
        "istanbul-lib-source-maps": "^4.0.1",
        "istanbul-reports": "^3.2.0",
        "router": "^2.2.0",
        "serve-static": "^2.2.1",
        "xml2js": "^0.6.2"
      },
      "devDependencies": {
        "@eslint/js": "^9.39.2",
        "@istanbuljs/esm-loader-hook": "^0.3.0",
        "@ui5/cli-next": "npm:@ui5/cli@^5.0.0-alpha.10",
        "ava": "^6.4.1",
        "connect": "^3.7.0",
        "eslint": "^9.39.5",
        "eslint-config-google": "^0.14.0",
        "eslint-plugin-ava": "^15.1.0",
        "eslint-plugin-jsdoc": "^63.3.3",
        "esmock": "^2.7.6",
        "execa": "^9.6.1",
        "get-port": "^7.2.0",
        "globals": "^17.9.0",
        "nyc": "^18.0.0",
        "sinon": "^21.1.2",
        "supertest": "^7.2.2"
      },
      "engines": {
        "node": "^20.11.0 || >=22.0.0"
      }
    },
    "node_modules/@ui5/middleware-code-coverage": {
      "resolved": "../../../..",
      "link": true
    }
  }
}
